# This file is generated by running "yarn install" inside your project.
# Manual changes might be lost - proceed with caution!

__metadata:
  version: 8
  cacheKey: 10c0

"@hocuspocus/common@npm:^3.4.3":
  version: 3.4.3
  resolution: "@hocuspocus/common@npm:3.4.3"
  dependencies:
    lib0: "npm:^0.2.87"
  checksum: 10c0/f50b3c1b4ce5f54dd1649bdce52204e9961fa210f70e0f905a2e7cec77ccf831916dd75220d962bf143c2e5a781003d8e55ba7987f3f616bff5eb46f9fed8689
  languageName: node
  linkType: hard

"@hocuspocus/extension-logger@npm:^3.4.3":
  version: 3.4.3
  resolution: "@hocuspocus/extension-logger@npm:3.4.3"
  dependencies:
    "@hocuspocus/server": "npm:^3.4.3"
  checksum: 10c0/51c12835e1071a6dca585f134348666fcd2228e9b5dce5c588f12c90a4e608db0a4f374be96c22f6c2d2acc9bd576471d0ad950778d0e3bce0bcfd3f48521eaa
  languageName: node
  linkType: hard

"@hocuspocus/server@npm:^3.4.3":
  version: 3.4.3
  resolution: "@hocuspocus/server@npm:3.4.3"
  dependencies:
    "@hocuspocus/common": "npm:^3.4.3"
    async-lock: "npm:^1.3.1"
    async-mutex: "npm:^0.5.0"
    kleur: "npm:^4.1.4"
    lib0: "npm:^0.2.47"
    ws: "npm:^8.5.0"
  peerDependencies:
    y-protocols: ^1.0.6
    yjs: ^13.6.8
  checksum: 10c0/e063b68941823be10a56c2757f9b546d5dfbe5fdfae0bc47189d27dd5fbed03b8e1b3cfb3fc259e24ddc52aa2051678b5285a1f5e515718f7177b3f4727a74fc
  languageName: node
  linkType: hard

"@types/jsonwebtoken@npm:^9.0.9":
  version: 9.0.10
  resolution: "@types/jsonwebtoken@npm:9.0.10"
  dependencies:
    "@types/ms": "npm:*"
    "@types/node": "npm:*"
  checksum: 10c0/0688ac8fb75f809201cb7e18a12b9d80ce539cb9dd27e1b01e11807cb1a337059e899b8ee3abc3f2c9417f02e363a3069d9eab9ef9724b1da1f0e10713514f94
  languageName: node
  linkType: hard

"@types/ms@npm:*":
  version: 2.1.0
  resolution: "@types/ms@npm:2.1.0"
  checksum: 10c0/5ce692ffe1549e1b827d99ef8ff71187457e0eb44adbae38fdf7b9a74bae8d20642ee963c14516db1d35fa2652e65f47680fdf679dcbde52bbfadd021f497225
  languageName: node
  linkType: hard

"@types/node@npm:*":
  version: 25.0.3
  resolution: "@types/node@npm:25.0.3"
  dependencies:
    undici-types: "npm:~7.16.0"
  checksum: 10c0/b7568f0d765d9469621615e2bb257c7fd1953d95e9acbdb58dffb6627a2c4150d405a4600aa1ad8a40182a94fe5f903cafd3c0a2f5132814debd0e3bfd61f835
  languageName: node
  linkType: hard

"@types/node@npm:^22.15.21":
  version: 22.19.3
  resolution: "@types/node@npm:22.19.3"
  dependencies:
    undici-types: "npm:~6.21.0"
  checksum: 10c0/a30a75d503da795ddbd5f8851014f3e91925c2a63fa3f14128d54c998f25d682dfba96dc9589c73cf478b87a16d88beb790b11697bb8cd5bee913079237a58f2
  languageName: node
  linkType: hard

"@types/pg@npm:^8.15.4":
  version: 8.16.0
  resolution: "@types/pg@npm:8.16.0"
  dependencies:
    "@types/node": "npm:*"
    pg-protocol: "npm:*"
    pg-types: "npm:^2.2.0"
  checksum: 10c0/421fe7c07d5c0226835d362414a63653f86251ee966150d807ed60174c13921d1b8a3e2f1c2bfba9659ec0282ca50974030c4c1efcd575003eb922ea12ca7d05
  languageName: node
  linkType: hard

"async-lock@npm:^1.3.1":
  version: 1.4.1
  resolution: "async-lock@npm:1.4.1"
  checksum: 10c0/f696991c7d894af1dc91abc81cc4f14b3785190a35afb1646d8ab91138238d55cabd83bfdd56c42663a008d72b3dc39493ff83797e550effc577d1ccbde254af
  languageName: node
  linkType: hard

"async-mutex@npm:^0.5.0":
  version: 0.5.0
  resolution: "async-mutex@npm:0.5.0"
  dependencies:
    tslib: "npm:^2.4.0"
  checksum: 10c0/9096e6ad6b674c894d8ddd5aa4c512b09bb05931b8746ebd634952b05685608b2b0820ed5c406e6569919ff5fe237ab3c491e6f2887d6da6b6ba906db3ee9c32
  languageName: node
  linkType: hard

"buffer-equal-constant-time@npm:^1.0.1":
  version: 1.0.1
  resolution: "buffer-equal-constant-time@npm:1.0.1"
  checksum: 10c0/fb2294e64d23c573d0dd1f1e7a466c3e978fe94a4e0f8183937912ca374619773bef8e2aceb854129d2efecbbc515bbd0cc78d2734a3e3031edb0888531bbc8e
  languageName: node
  linkType: hard

"ecdsa-sig-formatter@npm:1.0.11":
  version: 1.0.11
  resolution: "ecdsa-sig-formatter@npm:1.0.11"
  dependencies:
    safe-buffer: "npm:^5.0.1"
  checksum: 10c0/ebfbf19d4b8be938f4dd4a83b8788385da353d63307ede301a9252f9f7f88672e76f2191618fd8edfc2f24679236064176fab0b78131b161ee73daa37125408c
  languageName: node
  linkType: hard

"hocuspocusserver@workspace:.":
  version: 0.0.0-use.local
  resolution: "hocuspocusserver@workspace:."
  dependencies:
    "@hocuspocus/extension-logger": "npm:^3.4.3"
    "@hocuspocus/server": "npm:^3.4.3"
    "@types/jsonwebtoken": "npm:^9.0.9"
    "@types/node": "npm:^22.15.21"
    "@types/pg": "npm:^8.15.4"
    jsonwebtoken: "npm:^9.0.2"
    pg: "npm:^8.16.0"
    typescript: "npm:^5.8.3"
    yjs: "npm:^13.6.28"
  languageName: unknown
  linkType: soft

"isomorphic.js@npm:^0.2.4":
  version: 0.2.5
  resolution: "isomorphic.js@npm:0.2.5"
  checksum: 10c0/7cd268c8e58146a8160c8cd16596291fd1fbf3e8799a325f269accda9dc1238806e371ccef0b66fe2ad957209230c55997248d8b6d02cf2d7c575ffeb759c789
  languageName: node
  linkType: hard

"jsonwebtoken@npm:^9.0.2":
  version: 9.0.3
  resolution: "jsonwebtoken@npm:9.0.3"
  dependencies:
    jws: "npm:^4.0.1"
    lodash.includes: "npm:^4.3.0"
    lodash.isboolean: "npm:^3.0.3"
    lodash.isinteger: "npm:^4.0.4"
    lodash.isnumber: "npm:^3.0.3"
    lodash.isplainobject: "npm:^4.0.6"
    lodash.isstring: "npm:^4.0.1"
    lodash.once: "npm:^4.0.0"
    ms: "npm:^2.1.1"
    semver: "npm:^7.5.4"
  checksum: 10c0/6ca7f1e54886ea3bde7146a5a22b53847c46e25453c7f7307a69818b9a6ad48c390b2e59d5690fcfd03c529b01960060cc4bb0c686991d6edae2285dfd30f4ba
  languageName: node
  linkType: hard

"jwa@npm:^2.0.1":
  version: 2.0.1
  resolution: "jwa@npm:2.0.1"
  dependencies:
    buffer-equal-constant-time: "npm:^1.0.1"
    ecdsa-sig-formatter: "npm:1.0.11"
    safe-buffer: "npm:^5.0.1"
  checksum: 10c0/ab3ebc6598e10dc11419d4ed675c9ca714a387481466b10e8a6f3f65d8d9c9237e2826f2505280a739cf4cbcf511cb288eeec22b5c9c63286fc5a2e4f97e78cf
  languageName: node
  linkType: hard

"jws@npm:^4.0.1":
  version: 4.0.1
  resolution: "jws@npm:4.0.1"
  dependencies:
    jwa: "npm:^2.0.1"
    safe-buffer: "npm:^5.0.1"
  checksum: 10c0/6be1ed93023aef570ccc5ea8d162b065840f3ef12f0d1bb3114cade844de7a357d5dc558201d9a65101e70885a6fa56b17462f520e6b0d426195510618a154d0
  languageName: node
  linkType: hard

"kleur@npm:^4.1.4":
  version: 4.1.5
  resolution: "kleur@npm:4.1.5"
  checksum: 10c0/e9de6cb49657b6fa70ba2d1448fd3d691a5c4370d8f7bbf1c2f64c24d461270f2117e1b0afe8cb3114f13bbd8e51de158c2a224953960331904e636a5e4c0f2a
  languageName: node
  linkType: hard

"lib0@npm:^0.2.47, lib0@npm:^0.2.87, lib0@npm:^0.2.99":
  version: 0.2.117
  resolution: "lib0@npm:0.2.117"
  dependencies:
    isomorphic.js: "npm:^0.2.4"
  bin:
    0ecdsa-generate-keypair: bin/0ecdsa-generate-keypair.js
    0gentesthtml: bin/gentesthtml.js
    0serve: bin/0serve.js
  checksum: 10c0/d1b9205890d5d0cbd95ffdb0d6df6f9fd2c315b89e195fc9b015f3778046fb34bc12e94205ccf410a3073b836444045dcef6671fa2f6d5a7f70ebf8b6b0c0616
  languageName: node
  linkType: hard

"lodash.includes@npm:^4.3.0":
  version: 4.3.0
  resolution: "lodash.includes@npm:4.3.0"
  checksum: 10c0/7ca498b9b75bf602d04e48c0adb842dfc7d90f77bcb2a91a2b2be34a723ad24bc1c8b3683ec6b2552a90f216c723cdea530ddb11a3320e08fa38265703978f4b
  languageName: node
  linkType: hard

"lodash.isboolean@npm:^3.0.3":
  version: 3.0.3
  resolution: "lodash.isboolean@npm:3.0.3"
  checksum: 10c0/0aac604c1ef7e72f9a6b798e5b676606042401dd58e49f051df3cc1e3adb497b3d7695635a5cbec4ae5f66456b951fdabe7d6b387055f13267cde521f10ec7f7
  languageName: node
  linkType: hard

"lodash.isinteger@npm:^4.0.4":
  version: 4.0.4
  resolution: "lodash.isinteger@npm:4.0.4"
  checksum: 10c0/4c3e023a2373bf65bf366d3b8605b97ec830bca702a926939bcaa53f8e02789b6a176e7f166b082f9365bfec4121bfeb52e86e9040cb8d450e64c858583f61b7
  languageName: node
  linkType: hard

"lodash.isnumber@npm:^3.0.3":
  version: 3.0.3
  resolution: "lodash.isnumber@npm:3.0.3"
  checksum: 10c0/2d01530513a1ee4f72dd79528444db4e6360588adcb0e2ff663db2b3f642d4bb3d687051ae1115751ca9082db4fdef675160071226ca6bbf5f0c123dbf0aa12d
  languageName: node
  linkType: hard

"lodash.isplainobject@npm:^4.0.6":
  version: 4.0.6
  resolution: "lodash.isplainobject@npm:4.0.6"
  checksum: 10c0/afd70b5c450d1e09f32a737bed06ff85b873ecd3d3d3400458725283e3f2e0bb6bf48e67dbe7a309eb371a822b16a26cca4a63c8c52db3fc7dc9d5f9dd324cbb
  languageName: node
  linkType: hard

"lodash.isstring@npm:^4.0.1":
  version: 4.0.1
  resolution: "lodash.isstring@npm:4.0.1"
  checksum: 10c0/09eaf980a283f9eef58ef95b30ec7fee61df4d6bf4aba3b5f096869cc58f24c9da17900febc8ffd67819b4e29de29793190e88dc96983db92d84c95fa85d1c92
  languageName: node
  linkType: hard

"lodash.once@npm:^4.0.0":
  version: 4.1.1
  resolution: "lodash.once@npm:4.1.1"
  checksum: 10c0/46a9a0a66c45dd812fcc016e46605d85ad599fe87d71a02f6736220554b52ffbe82e79a483ad40f52a8a95755b0d1077fba259da8bfb6694a7abbf4a48f1fc04
  languageName: node
  linkType: hard

"ms@npm:^2.1.1":
  version: 2.1.3
  resolution: "ms@npm:2.1.3"
  checksum: 10c0/d924b57e7312b3b63ad21fc5b3dc0af5e78d61a1fc7cfb5457edaf26326bf62be5307cc87ffb6862ef1c2b33b0233cdb5d4f01c4c958cc0d660948b65a287a48
  languageName: node
  linkType: hard

"pg-cloudflare@npm:^1.2.7":
  version: 1.2.7
  resolution: "pg-cloudflare@npm:1.2.7"
  checksum: 10c0/8a52713dbdecc9d389dc4e65e3b7ede2e199ec3715f7491ee80a15db171f2d75677a102e9c2cef0cb91a2f310e91f976eaec0dd6ef5d8bf357de0b948f9d9431
  languageName: node
  linkType: hard

"pg-connection-string@npm:^2.9.1":
  version: 2.9.1
  resolution: "pg-connection-string@npm:2.9.1"
  checksum: 10c0/9a646529bbc0843806fc5de98ce93735a4612b571f11867178a85665d11989a827e6fd157388ca0e34ec948098564fce836c178cfd499b9f0e8cd9972b8e2e5c
  languageName: node
  linkType: hard

"pg-int8@npm:1.0.1":
  version: 1.0.1
  resolution: "pg-int8@npm:1.0.1"
  checksum: 10c0/be6a02d851fc2a4ae3e9de81710d861de3ba35ac927268973eb3cb618873a05b9424656df464dd43bd7dc3fc5295c3f5b3c8349494f87c7af50ec59ef14e0b98
  languageName: node
  linkType: hard

"pg-pool@npm:^3.10.1":
  version: 3.10.1
  resolution: "pg-pool@npm:3.10.1"
  peerDependencies:
    pg: ">=8.0"
  checksum: 10c0/a00916b7df64226cc597fe769e3a757ff9b11562dc87ce5b0a54101a18c1fe282daaa2accaf27221e81e1e4cdf4da6a33dab09614734d32904d6c4e11c44a079
  languageName: node
  linkType: hard

"pg-protocol@npm:*, pg-protocol@npm:^1.10.3":
  version: 1.10.3
  resolution: "pg-protocol@npm:1.10.3"
  checksum: 10c0/f7ef54708c93ee6d271e37678296fc5097e4337fca91a88a3d99359b78633dbdbf6e983f0adb34b7cdd261b7ec7266deb20c3233bf3dfdb498b3e1098e8750b9
  languageName: node
  linkType: hard

"pg-types@npm:2.2.0, pg-types@npm:^2.2.0":
  version: 2.2.0
  resolution: "pg-types@npm:2.2.0"
  dependencies:
    pg-int8: "npm:1.0.1"
    postgres-array: "npm:~2.0.0"
    postgres-bytea: "npm:~1.0.0"
    postgres-date: "npm:~1.0.4"
    postgres-interval: "npm:^1.1.0"
  checksum: 10c0/ab3f8069a323f601cd2d2279ca8c425447dab3f9b61d933b0601d7ffc00d6200df25e26a4290b2b0783b59278198f7dd2ed03e94c4875797919605116a577c65
  languageName: node
  linkType: hard

"pg@npm:^8.16.0":
  version: 8.16.3
  resolution: "pg@npm:8.16.3"
  dependencies:
    pg-cloudflare: "npm:^1.2.7"
    pg-connection-string: "npm:^2.9.1"
    pg-pool: "npm:^3.10.1"
    pg-protocol: "npm:^1.10.3"
    pg-types: "npm:2.2.0"
    pgpass: "npm:1.0.5"
  peerDependencies:
    pg-native: ">=3.0.1"
  dependenciesMeta:
    pg-cloudflare:
      optional: true
  peerDependenciesMeta:
    pg-native:
      optional: true
  checksum: 10c0/a6a407ff0efb7599760d72ffdcda47a74c34c0fd71d896623caac45cf2cfb0f49a10973cce23110f182b9810639a1e9f6904454d7358c7001574ee0ffdcbce2a
  languageName: node
  linkType: hard

"pgpass@npm:1.0.5":
  version: 1.0.5
  resolution: "pgpass@npm:1.0.5"
  dependencies:
    split2: "npm:^4.1.0"
  checksum: 10c0/5ea6c9b2de04c33abb08d33a2dded303c4a3c7162a9264519cbe85c0a9857d712463140ba42fad0c7cd4b21f644dd870b45bb2e02fcbe505b4de0744fd802c1d
  languageName: node
  linkType: hard

"postgres-array@npm:~2.0.0":
  version: 2.0.0
  resolution: "postgres-array@npm:2.0.0"
  checksum: 10c0/cbd56207e4141d7fbf08c86f2aebf21fa7064943d3f808ec85f442ff94b48d891e7a144cc02665fb2de5dbcb9b8e3183a2ac749959e794b4a4cfd379d7a21d08
  languageName: node
  linkType: hard

"postgres-bytea@npm:~1.0.0":
  version: 1.0.1
  resolution: "postgres-bytea@npm:1.0.1"
  checksum: 10c0/10b28a27c9d703d5befd97c443e62b551096d1014bc59ab574c65bf0688de7f3f068003b2aea8dcff83cf0f6f9a35f9f74457c38856cf8eb81b00cf3fb44f164
  languageName: node
  linkType: hard

"postgres-date@npm:~1.0.4":
  version: 1.0.7
  resolution: "postgres-date@npm:1.0.7"
  checksum: 10c0/0ff91fccc64003e10b767fcfeefb5eaffbc522c93aa65d5051c49b3c4ce6cb93ab091a7d22877a90ad60b8874202c6f1d0f935f38a7235ed3b258efd54b97ca9
  languageName: node
  linkType: hard

"postgres-interval@npm:^1.1.0":
  version: 1.2.0
  resolution: "postgres-interval@npm:1.2.0"
  dependencies:
    xtend: "npm:^4.0.0"
  checksum: 10c0/c1734c3cb79e7f22579af0b268a463b1fa1d084e742a02a7a290c4f041e349456f3bee3b4ee0bb3f226828597f7b76deb615c1b857db9a742c45520100456272
  languageName: node
  linkType: hard

"safe-buffer@npm:^5.0.1":
  version: 5.2.1
  resolution: "safe-buffer@npm:5.2.1"
  checksum: 10c0/6501914237c0a86e9675d4e51d89ca3c21ffd6a31642efeba25ad65720bce6921c9e7e974e5be91a786b25aa058b5303285d3c15dbabf983a919f5f630d349f3
  languageName: node
  linkType: hard

"semver@npm:^7.5.4":
  version: 7.7.3
  resolution: "semver@npm:7.7.3"
  bin:
    semver: bin/semver.js
  checksum: 10c0/4afe5c986567db82f44c8c6faef8fe9df2a9b1d98098fc1721f57c696c4c21cebd572f297fc21002f81889492345b8470473bc6f4aff5fb032a6ea59ea2bc45e
  languageName: node
  linkType: hard

"split2@npm:^4.1.0":
  version: 4.2.0
  resolution: "split2@npm:4.2.0"
  checksum: 10c0/b292beb8ce9215f8c642bb68be6249c5a4c7f332fc8ecadae7be5cbdf1ea95addc95f0459ef2e7ad9d45fd1064698a097e4eb211c83e772b49bc0ee423e91534
  languageName: node
  linkType: hard

"tslib@npm:^2.4.0":
  version: 2.8.1
  resolution: "tslib@npm:2.8.1"
  checksum: 10c0/9c4759110a19c53f992d9aae23aac5ced636e99887b51b9e61def52611732872ff7668757d4e4c61f19691e36f4da981cd9485e869b4a7408d689f6bf1f14e62
  languageName: node
  linkType: hard

"typescript@npm:^5.8.3":
  version: 5.9.3
  resolution: "typescript@npm:5.9.3"
  bin:
    tsc: bin/tsc
    tsserver: bin/tsserver
  checksum: 10c0/6bd7552ce39f97e711db5aa048f6f9995b53f1c52f7d8667c1abdc1700c68a76a308f579cd309ce6b53646deb4e9a1be7c813a93baaf0a28ccd536a30270e1c5
  languageName: node
  linkType: hard

"typescript@patch:typescript@npm%3A^5.8.3#optional!builtin<compat/typescript>":
  version: 5.9.3
  resolution: "typescript@patch:typescript@npm%3A5.9.3#optional!builtin<compat/typescript>::version=5.9.3&hash=5786d5"
  bin:
    tsc: bin/tsc
    tsserver: bin/tsserver
  checksum: 10c0/ad09fdf7a756814dce65bc60c1657b40d44451346858eea230e10f2e95a289d9183b6e32e5c11e95acc0ccc214b4f36289dcad4bf1886b0adb84d711d336a430
  languageName: node
  linkType: hard

"undici-types@npm:~6.21.0":
  version: 6.21.0
  resolution: "undici-types@npm:6.21.0"
  checksum: 10c0/c01ed51829b10aa72fc3ce64b747f8e74ae9b60eafa19a7b46ef624403508a54c526ffab06a14a26b3120d055e1104d7abe7c9017e83ced038ea5cf52f8d5e04
  languageName: node
  linkType: hard

"undici-types@npm:~7.16.0":
  version: 7.16.0
  resolution: "undici-types@npm:7.16.0"
  checksum: 10c0/3033e2f2b5c9f1504bdc5934646cb54e37ecaca0f9249c983f7b1fc2e87c6d18399ebb05dc7fd5419e02b2e915f734d872a65da2e3eeed1813951c427d33cc9a
  languageName: node
  linkType: hard

"ws@npm:^8.5.0":
  version: 8.19.0
  resolution: "ws@npm:8.19.0"
  peerDependencies:
    bufferutil: ^4.0.1
    utf-8-validate: ">=5.0.2"
  peerDependenciesMeta:
    bufferutil:
      optional: true
    utf-8-validate:
      optional: true
  checksum: 10c0/4741d9b9bc3f9c791880882414f96e36b8b254e34d4b503279d6400d9a4b87a033834856dbdd94ee4b637944df17ea8afc4bce0ff4a1560d2166be8855da5b04
  languageName: node
  linkType: hard

"xtend@npm:^4.0.0":
  version: 4.0.2
  resolution: "xtend@npm:4.0.2"
  checksum: 10c0/366ae4783eec6100f8a02dff02ac907bf29f9a00b82ac0264b4d8b832ead18306797e283cf19de776538babfdcb2101375ec5646b59f08c52128ac4ab812ed0e
  languageName: node
  linkType: hard

"yjs@npm:^13.6.28":
  version: 13.6.29
  resolution: "yjs@npm:13.6.29"
  dependencies:
    lib0: "npm:^0.2.99"
  checksum: 10c0/f300786ea63deac8a83e85598707ab9542e0a90b72fc0a1bcc77a58e618799de531ba4f85bcf349e647ad9e72bc4186edf50c4ecf67c8144cd53d3ac80d27351
  languageName: node
  linkType: hard
